
Microsoft Visual Studio Solution File, Format Version 12.00
# Visual Studio Version 17
VisualStudioVersion = 17.4.33122.133
MinimumVisualStudioVersion = 10.0.40219.1
Project("{9A19103F-16F7-4668-BE54-9A1E7A4F7556}") = "VehicleReservation.WebApi", "VehicleReservation\VehicleReservation.WebApi.csproj", "{B8E61534-6B94-451D-A16C-6612353908D7}"
EndProject
Project("{2150E333-8FDC-42A3-9474-1A3956D46DE8}") = "src", "src", "{9EBE2B91-7EBA-4864-A6A2-5F07E50EAB7C}"
EndProject
Project("{2150E333-8FDC-42A3-9474-1A3956D46DE8}") = "Infrastructure", "Infrastructure", "{41553715-218A-4107-8F46-CE41A6DE5260}"
EndProject
Project("{2150E333-8FDC-42A3-9474-1A3956D46DE8}") = "Presentation", "Presentation", "{D712A429-D578-4293-807B-BA8DCE905CD2}"
EndProject
Project("{2150E333-8FDC-42A3-9474-1A3956D46DE8}") = "Core", "Core", "{35E71645-70AD-440D-871E-2EBE96B46604}"
EndProject
Project("{9A19103F-16F7-4668-BE54-9A1E7A4F7556}") = "VehicleReservation.Application", "VehicleReservation.Application\VehicleReservation.Application.csproj", "{AB6F7E24-E69C-48E9-9E39-DC2871D3DC7E}"
EndProject
Project("{9A19103F-16F7-4668-BE54-9A1E7A4F7556}") = "VehicleReservation.Domain", "VehicleReservation.Domain\VehicleReservation.Domain.csproj", "{B7BE4F09-94FE-425C-BE4B-4292099F2B8C}"
EndProject
Project("{9A19103F-16F7-4668-BE54-9A1E7A4F7556}") = "VehicleReservation.Dto", "VehicleReservation.Dto\VehicleReservation.Dto.csproj", "{8109CD86-EA37-4728-BDDE-3F9676F0C05B}"
EndProject
Project("{9A19103F-16F7-4668-BE54-9A1E7A4F7556}") = "VehicleReservation.Persistance", "VehicleReservation.Persistance\VehicleReservation.Persistance.csproj", "{DE23DDBE-A567-456C-8A97-8C1435DCEBB3}"
EndProject
Project("{2150E333-8FDC-42A3-9474-1A3956D46DE8}") = "tests", "tests", "{1FF87788-84DB-471B-954F-075334DBF0EA}"
EndProject
Project("{9A19103F-16F7-4668-BE54-9A1E7A4F7556}") = "VehicleReservation.Test", "VehicleReservation.Test\VehicleReservation.Test.csproj", "{6718ADF4-5F15-49A4-8985-9E43384DA03C}"
EndProject
Global
	GlobalSection(SolutionConfigurationPlatforms) = preSolution
		Debug|Any CPU = Debug|Any CPU
		Release|Any CPU = Release|Any CPU
	EndGlobalSection
	GlobalSection(ProjectConfigurationPlatforms) = postSolution
		{B8E61534-6B94-451D-A16C-6612353908D7}.Debug|Any CPU.ActiveCfg = Debug|Any CPU
		{B8E61534-6B94-451D-A16C-6612353908D7}.Debug|Any CPU.Build.0 = Debug|Any CPU
		{B8E61534-6B94-451D-A16C-6612353908D7}.Release|Any CPU.ActiveCfg = Release|Any CPU
		{B8E61534-6B94-451D-A16C-6612353908D7}.Release|Any CPU.Build.0 = Release|Any CPU
		{AB6F7E24-E69C-48E9-9E39-DC2871D3DC7E}.Debug|Any CPU.ActiveCfg = Debug|Any CPU
		{AB6F7E24-E69C-48E9-9E39-DC2871D3DC7E}.Debug|Any CPU.Build.0 = Debug|Any CPU
		{AB6F7E24-E69C-48E9-9E39-DC2871D3DC7E}.Release|Any CPU.ActiveCfg = Release|Any CPU
		{AB6F7E24-E69C-48E9-9E39-DC2871D3DC7E}.Release|Any CPU.Build.0 = Release|Any CPU
		{B7BE4F09-94FE-425C-BE4B-4292099F2B8C}.Debug|Any CPU.ActiveCfg = Debug|Any CPU
		{B7BE4F09-94FE-425C-BE4B-4292099F2B8C}.Debug|Any CPU.Build.0 = Debug|Any CPU
		{B7BE4F09-94FE-425C-BE4B-4292099F2B8C}.Release|Any CPU.ActiveCfg = Release|Any CPU
		{B7BE4F09-94FE-425C-BE4B-4292099F2B8C}.Release|Any CPU.Build.0 = Release|Any CPU
		{8109CD86-EA37-4728-BDDE-3F9676F0C05B}.Debug|Any CPU.ActiveCfg = Debug|Any CPU
		{8109CD86-EA37-4728-BDDE-3F9676F0C05B}.Debug|Any CPU.Build.0 = Debug|Any CPU
		{8109CD86-EA37-4728-BDDE-3F9676F0C05B}.Release|Any CPU.ActiveCfg = Release|Any CPU
		{8109CD86-EA37-4728-BDDE-3F9676F0C05B}.Release|Any CPU.Build.0 = Release|Any CPU
		{DE23DDBE-A567-456C-8A97-8C1435DCEBB3}.Debug|Any CPU.ActiveCfg = Debug|Any CPU
		{DE23DDBE-A567-456C-8A97-8C1435DCEBB3}.Debug|Any CPU.Build.0 = Debug|Any CPU
		{DE23DDBE-A567-456C-8A97-8C1435DCEBB3}.Release|Any CPU.ActiveCfg = Release|Any CPU
		{DE23DDBE-A567-456C-8A97-8C1435DCEBB3}.Release|Any CPU.Build.0 = Release|Any CPU
		{6718ADF4-5F15-49A4-8985-9E43384DA03C}.Debug|Any CPU.ActiveCfg = Debug|Any CPU
		{6718ADF4-5F15-49A4-8985-9E43384DA03C}.Debug|Any CPU.Build.0 = Debug|Any CPU
		{6718ADF4-5F15-49A4-8985-9E43384DA03C}.Release|Any CPU.ActiveCfg = Release|Any CPU
		{6718ADF4-5F15-49A4-8985-9E43384DA03C}.Release|Any CPU.Build.0 = Release|Any CPU
	EndGlobalSection
	GlobalSection(SolutionProperties) = preSolution
		HideSolutionNode = FALSE
	EndGlobalSection
	GlobalSection(NestedProjects) = preSolution
		{B8E61534-6B94-451D-A16C-6612353908D7} = {D712A429-D578-4293-807B-BA8DCE905CD2}
		{41553715-218A-4107-8F46-CE41A6DE5260} = {9EBE2B91-7EBA-4864-A6A2-5F07E50EAB7C}
		{D712A429-D578-4293-807B-BA8DCE905CD2} = {9EBE2B91-7EBA-4864-A6A2-5F07E50EAB7C}
		{35E71645-70AD-440D-871E-2EBE96B46604} = {9EBE2B91-7EBA-4864-A6A2-5F07E50EAB7C}
		{AB6F7E24-E69C-48E9-9E39-DC2871D3DC7E} = {35E71645-70AD-440D-871E-2EBE96B46604}
		{B7BE4F09-94FE-425C-BE4B-4292099F2B8C} = {35E71645-70AD-440D-871E-2EBE96B46604}
		{8109CD86-EA37-4728-BDDE-3F9676F0C05B} = {35E71645-70AD-440D-871E-2EBE96B46604}
		{DE23DDBE-A567-456C-8A97-8C1435DCEBB3} = {41553715-218A-4107-8F46-CE41A6DE5260}
		{6718ADF4-5F15-49A4-8985-9E43384DA03C} = {1FF87788-84DB-471B-954F-075334DBF0EA}
	EndGlobalSection
	GlobalSection(ExtensibilityGlobals) = postSolution
		SolutionGuid = {0FE65B8F-BB0B-4977-8FA9-1648F6903BF8}
	EndGlobalSection
EndGlobal
