
Microsoft Visual Studio Solution File, Format Version 12.00
# Visual Studio Version 17
VisualStudioVersion = 17.4.33122.133
MinimumVisualStudioVersion = 10.0.40219.1
Project("{FAE04EC0-301F-11D3-BF4B-00C04F79EFBC}") = "VehicleReservation.WebApi", "VehicleReservation\VehicleReservation.WebApi.csproj", "{B8E61534-6B94-451D-A16C-6612353908D7}"
EndProject
Global
	GlobalSection(SolutionConfigurationPlatforms) = preSolution
		Debug|Any CPU = Debug|Any CPU
		Release|Any CPU = Release|Any CPU
	EndGlobalSection
	GlobalSection(ProjectConfigurationPlatforms) = postSolution
		{B8E61534-6B94-451D-A16C-6612353908D7}.Debug|Any CPU.ActiveCfg = Debug|Any CPU
		{B8E61534-6B94-451D-A16C-6612353908D7}.Debug|Any CPU.Build.0 = Debug|Any CPU
		{B8E61534-6B94-451D-A16C-6612353908D7}.Release|Any CPU.ActiveCfg = Release|Any CPU
		{B8E61534-6B94-451D-A16C-6612353908D7}.Release|Any CPU.Build.0 = Release|Any CPU
	EndGlobalSection
	GlobalSection(SolutionProperties) = preSolution
		HideSolutionNode = FALSE
	EndGlobalSection
	GlobalSection(ExtensibilityGlobals) = postSolution
		SolutionGuid = {0FE65B8F-BB0B-4977-8FA9-1648F6903BF8}
	EndGlobalSection
EndGlobal
